// !$*UTF8*$!
{
	archiveVersion = 1;
	classes = {
	};
	objectVersion = 46;
	objects = {

/* Begin PBXBuildFile section */
		360A61D51D6F6A4700E76E00 /* ClubsCell.swift in Sources */ = {isa = PBXBuildFile; fileRef = 360A61D41D6F6A4700E76E00 /* ClubsCell.swift */; };
		36275D2E1D74ABCC00355BE2 /* ArticlesViewController.swift in Sources */ = {isa = PBXBuildFile; fileRef = 36275D2D1D74ABCC00355BE2 /* ArticlesViewController.swift */; };
		363EE6221D40150200F4999F /* AppDelegate.swift in Sources */ = {isa = PBXBuildFile; fileRef = 363EE6211D40150200F4999F /* AppDelegate.swift */; };
		363EE6291D40150200F4999F /* Main.storyboard in Resources */ = {isa = PBXBuildFile; fileRef = 363EE6271D40150200F4999F /* Main.storyboard */; };
		363EE62B1D40150200F4999F /* Assets.xcassets in Resources */ = {isa = PBXBuildFile; fileRef = 363EE62A1D40150200F4999F /* Assets.xcassets */; };
		363EE62E1D40150200F4999F /* LaunchScreen.storyboard in Resources */ = {isa = PBXBuildFile; fileRef = 363EE62C1D40150200F4999F /* LaunchScreen.storyboard */; };
		36405A2F1D6F584800CE9021 /* ClubsViewController.swift in Sources */ = {isa = PBXBuildFile; fileRef = 36405A2E1D6F584800CE9021 /* ClubsViewController.swift */; };
		3663C9821D62ACF60063BA3C /* AnnouncementsTableViewController.swift in Sources */ = {isa = PBXBuildFile; fileRef = 3663C9811D62ACF60063BA3C /* AnnouncementsTableViewController.swift */; };
		3663C9841D63AA4F0063BA3C /* AnnouncementTableViewCell.swift in Sources */ = {isa = PBXBuildFile; fileRef = 3663C9831D63AA4F0063BA3C /* AnnouncementTableViewCell.swift */; };
		36B435881D77BEC900284697 /* SwiftyExpandingTransition.swift in Sources */ = {isa = PBXBuildFile; fileRef = 36B435871D77BEC900284697 /* SwiftyExpandingTransition.swift */; };
		36B4358A1D77BF4300284697 /* AcademicsViewController.swift in Sources */ = {isa = PBXBuildFile; fileRef = 36B435891D77BF4300284697 /* AcademicsViewController.swift */; };
		36B4358C1D77BF6800284697 /* SegueHandlerType.swift in Sources */ = {isa = PBXBuildFile; fileRef = 36B4358B1D77BF6800284697 /* SegueHandlerType.swift */; };
		36B71FC91D65461100DDCB0C /* CardView.swift in Sources */ = {isa = PBXBuildFile; fileRef = 36B71FC81D65461100DDCB0C /* CardView.swift */; };
		36DE7E481D6FCF6D005F5283 /* FoldingCell.swift in Sources */ = {isa = PBXBuildFile; fileRef = 36DE7E471D6FCF6C005F5283 /* FoldingCell.swift */; };
/* End PBXBuildFile section */

/* Begin PBXFileReference section */
		360A61D41D6F6A4700E76E00 /* ClubsCell.swift */ = {isa = PBXFileReference; fileEncoding = 4; lastKnownFileType = sourcecode.swift; path = ClubsCell.swift; sourceTree = "<group>"; };
		36275D2D1D74ABCC00355BE2 /* ArticlesViewController.swift */ = {isa = PBXFileReference; fileEncoding = 4; lastKnownFileType = sourcecode.swift; path = ArticlesViewController.swift; sourceTree = "<group>"; };
		363EE61E1D40150200F4999F /* Wildcat Mobile.app */ = {isa = PBXFileReference; explicitFileType = wrapper.application; includeInIndex = 0; path = "Wildcat Mobile.app"; sourceTree = BUILT_PRODUCTS_DIR; };
		363EE6211D40150200F4999F /* AppDelegate.swift */ = {isa = PBXFileReference; lastKnownFileType = sourcecode.swift; path = AppDelegate.swift; sourceTree = "<group>"; };
		363EE6281D40150200F4999F /* Base */ = {isa = PBXFileReference; lastKnownFileType = file.storyboard; name = Base; path = Base.lproj/Main.storyboard; sourceTree = "<group>"; };
		363EE62A1D40150200F4999F /* Assets.xcassets */ = {isa = PBXFileReference; lastKnownFileType = folder.assetcatalog; path = Assets.xcassets; sourceTree = "<group>"; };
		363EE62D1D40150200F4999F /* Base */ = {isa = PBXFileReference; lastKnownFileType = file.storyboard; name = Base; path = Base.lproj/LaunchScreen.storyboard; sourceTree = "<group>"; };
		363EE62F1D40150200F4999F /* Info.plist */ = {isa = PBXFileReference; lastKnownFileType = text.plist.xml; path = Info.plist; sourceTree = "<group>"; };
		36405A2E1D6F584800CE9021 /* ClubsViewController.swift */ = {isa = PBXFileReference; fileEncoding = 4; lastKnownFileType = sourcecode.swift; path = ClubsViewController.swift; sourceTree = "<group>"; };
		3663C9801D6296340063BA3C /* en */ = {isa = PBXFileReference; lastKnownFileType = text.plist.strings; name = en; path = en.lproj/Main.strings; sourceTree = "<group>"; };
		3663C9811D62ACF60063BA3C /* AnnouncementsTableViewController.swift */ = {isa = PBXFileReference; fileEncoding = 4; lastKnownFileType = sourcecode.swift; path = AnnouncementsTableViewController.swift; sourceTree = "<group>"; };
		3663C9831D63AA4F0063BA3C /* AnnouncementTableViewCell.swift */ = {isa = PBXFileReference; fileEncoding = 4; lastKnownFileType = sourcecode.swift; path = AnnouncementTableViewCell.swift; sourceTree = "<group>"; };
		36B435871D77BEC900284697 /* SwiftyExpandingTransition.swift */ = {isa = PBXFileReference; fileEncoding = 4; lastKnownFileType = sourcecode.swift; path = SwiftyExpandingTransition.swift; sourceTree = "<group>"; };
		36B435891D77BF4300284697 /* AcademicsViewController.swift */ = {isa = PBXFileReference; fileEncoding = 4; lastKnownFileType = sourcecode.swift; path = AcademicsViewController.swift; sourceTree = "<group>"; };
		36B4358B1D77BF6800284697 /* SegueHandlerType.swift */ = {isa = PBXFileReference; fileEncoding = 4; lastKnownFileType = sourcecode.swift; path = SegueHandlerType.swift; sourceTree = "<group>"; };
		36B71FC81D65461100DDCB0C /* CardView.swift */ = {isa = PBXFileReference; fileEncoding = 4; lastKnownFileType = sourcecode.swift; path = CardView.swift; sourceTree = "<group>"; };
		36DE7E471D6FCF6C005F5283 /* FoldingCell.swift */ = {isa = PBXFileReference; fileEncoding = 4; lastKnownFileType = sourcecode.swift; path = FoldingCell.swift; sourceTree = "<group>"; };
/* End PBXFileReference section */

/* Begin PBXFrameworksBuildPhase section */
		363EE61B1D40150100F4999F /* Frameworks */ = {
			isa = PBXFrameworksBuildPhase;
			buildActionMask = 2147483647;
			files = (
			);
			runOnlyForDeploymentPostprocessing = 0;
		};
/* End PBXFrameworksBuildPhase section */

/* Begin PBXGroup section */
		36275D291D74A9DE00355BE2 /* Announcements */ = {
			isa = PBXGroup;
			children = (
				3663C9811D62ACF60063BA3C /* AnnouncementsTableViewController.swift */,
				3663C9831D63AA4F0063BA3C /* AnnouncementTableViewCell.swift */,
			);
			name = Announcements;
			sourceTree = "<group>";
		};
		36275D2A1D74A9E400355BE2 /* Clubs */ = {
			isa = PBXGroup;
			children = (
				36405A2E1D6F584800CE9021 /* ClubsViewController.swift */,
				360A61D41D6F6A4700E76E00 /* ClubsCell.swift */,
			);
			name = Clubs;
			sourceTree = "<group>";
		};
		36275D2B1D74A9E900355BE2 /* Articles */ = {
			isa = PBXGroup;
			children = (
				36275D2D1D74ABCC00355BE2 /* ArticlesViewController.swift */,
			);
			name = Articles;
			sourceTree = "<group>";
		};
		36275D2C1D74A9F000355BE2 /* Academics */ = {
			isa = PBXGroup;
			children = (
				36B435891D77BF4300284697 /* AcademicsViewController.swift */,
			);
			name = Academics;
			sourceTree = "<group>";
		};
		363EE6151D40150100F4999F = {
			isa = PBXGroup;
			children = (
				363EE6201D40150200F4999F /* Wildcat Mobile */,
			);
			sourceTree = "<group>";
		};
		363EE61F1D40150200F4999F /* Products */ = {
			isa = PBXGroup;
			children = (
				363EE61E1D40150200F4999F /* Wildcat Mobile.app */,
			);
			name = Products;
			path = ..;
			sourceTree = "<group>";
		};
		363EE6201D40150200F4999F /* Wildcat Mobile */ = {
			isa = PBXGroup;
			children = (
				36DE7E491D6FD094005F5283 /* App Delegate */,
				36E68FAB1D40337700543F9A /* Storyboards */,
				36CFD5971D77D8F80016618D /* New Group */,
				36405A2D1D6E27D800CE9021 /* Other */,
				363EE62F1D40150200F4999F /* Info.plist */,
				363EE62A1D40150200F4999F /* Assets.xcassets */,
				363EE61F1D40150200F4999F /* Products */,
			);
			path = "Wildcat Mobile";
			sourceTree = "<group>";
		};
		36405A2D1D6E27D800CE9021 /* Other */ = {
			isa = PBXGroup;
			children = (
				36DE7E471D6FCF6C005F5283 /* FoldingCell.swift */,
				36B71FC81D65461100DDCB0C /* CardView.swift */,
				36B435871D77BEC900284697 /* SwiftyExpandingTransition.swift */,
				36B4358B1D77BF6800284697 /* SegueHandlerType.swift */,
			);
			name = Other;
			sourceTree = "<group>";
		};
		36CFD5971D77D8F80016618D /* New Group */ = {
			isa = PBXGroup;
			children = (
				36E68FAA1D40335E00543F9A /* View Controllers */,
			);
			name = "New Group";
			sourceTree = "<group>";
		};
		36DE7E491D6FD094005F5283 /* App Delegate */ = {
			isa = PBXGroup;
			children = (
				363EE6211D40150200F4999F /* AppDelegate.swift */,
			);
			name = "App Delegate";
			sourceTree = "<group>";
		};
		36E68FAA1D40335E00543F9A /* View Controllers */ = {
			isa = PBXGroup;
			children = (
				36275D291D74A9DE00355BE2 /* Announcements */,
				36275D2C1D74A9F000355BE2 /* Academics */,
				36275D2B1D74A9E900355BE2 /* Articles */,
				36275D2A1D74A9E400355BE2 /* Clubs */,
			);
			name = "View Controllers";
			sourceTree = "<group>";
		};
		36E68FAB1D40337700543F9A /* Storyboards */ = {
			isa = PBXGroup;
			children = (
				363EE6271D40150200F4999F /* Main.storyboard */,
				363EE62C1D40150200F4999F /* LaunchScreen.storyboard */,
			);
			name = Storyboards;
			sourceTree = "<group>";
		};
/* End PBXGroup section */

/* Begin PBXNativeTarget section */
		363EE61D1D40150100F4999F /* Wildcat Mobile */ = {
			isa = PBXNativeTarget;
			buildConfigurationList = 363EE6321D40150200F4999F /* Build configuration list for PBXNativeTarget "Wildcat Mobile" */;
			buildPhases = (
				363EE61A1D40150100F4999F /* Sources */,
				363EE61B1D40150100F4999F /* Frameworks */,
				363EE61C1D40150100F4999F /* Resources */,
			);
			buildRules = (
			);
			dependencies = (
			);
			name = "Wildcat Mobile";
			productName = "Wildcat Mobile";
			productReference = 363EE61E1D40150200F4999F /* Wildcat Mobile.app */;
			productType = "com.apple.product-type.application";
		};
/* End PBXNativeTarget section */

/* Begin PBXProject section */
		363EE6161D40150100F4999F /* Project object */ = {
			isa = PBXProject;
			attributes = {
				LastSwiftUpdateCheck = 0730;
				LastUpgradeCheck = 0800;
				ORGANIZATIONNAME = "Centreville HS";
				TargetAttributes = {
					363EE61D1D40150100F4999F = {
						CreatedOnToolsVersion = 7.3.1;
						DevelopmentTeam = L53C7EM63K;
						LastSwiftMigration = 0800;
					};
				};
			};
			buildConfigurationList = 363EE6191D40150100F4999F /* Build configuration list for PBXProject "Wildcat Mobile" */;
			compatibilityVersion = "Xcode 3.2";
			developmentRegion = English;
			hasScannedForEncodings = 0;
			knownRegions = (
				en,
				Base,
			);
			mainGroup = 363EE6151D40150100F4999F;
			productRefGroup = 363EE61F1D40150200F4999F /* Products */;
			projectDirPath = "";
			projectRoot = "";
			targets = (
				363EE61D1D40150100F4999F /* Wildcat Mobile */,
			);
		};
/* End PBXProject section */

/* Begin PBXResourcesBuildPhase section */
		363EE61C1D40150100F4999F /* Resources */ = {
			isa = PBXResourcesBuildPhase;
			buildActionMask = 2147483647;
			files = (
				363EE62E1D40150200F4999F /* LaunchScreen.storyboard in Resources */,
				363EE62B1D40150200F4999F /* Assets.xcassets in Resources */,
				363EE6291D40150200F4999F /* Main.storyboard in Resources */,
			);
			runOnlyForDeploymentPostprocessing = 0;
		};
/* End PBXResourcesBuildPhase section */

/* Begin PBXSourcesBuildPhase section */
		363EE61A1D40150100F4999F /* Sources */ = {
			isa = PBXSourcesBuildPhase;
			buildActionMask = 2147483647;
			files = (
				363EE6221D40150200F4999F /* AppDelegate.swift in Sources */,
				36DE7E481D6FCF6D005F5283 /* FoldingCell.swift in Sources */,
				3663C9821D62ACF60063BA3C /* AnnouncementsTableViewController.swift in Sources */,
				36405A2F1D6F584800CE9021 /* ClubsViewController.swift in Sources */,
				36B4358C1D77BF6800284697 /* SegueHandlerType.swift in Sources */,
				3663C9841D63AA4F0063BA3C /* AnnouncementTableViewCell.swift in Sources */,
				36275D2E1D74ABCC00355BE2 /* ArticlesViewController.swift in Sources */,
				36B435881D77BEC900284697 /* SwiftyExpandingTransition.swift in Sources */,
				36B71FC91D65461100DDCB0C /* CardView.swift in Sources */,
				360A61D51D6F6A4700E76E00 /* ClubsCell.swift in Sources */,
				36B4358A1D77BF4300284697 /* AcademicsViewController.swift in Sources */,
			);
			runOnlyForDeploymentPostprocessing = 0;
		};
/* End PBXSourcesBuildPhase section */

/* Begin PBXVariantGroup section */
		363EE6271D40150200F4999F /* Main.storyboard */ = {
			isa = PBXVariantGroup;
			children = (
				363EE6281D40150200F4999F /* Base */,
				3663C9801D6296340063BA3C /* en */,
			);
			name = Main.storyboard;
			sourceTree = "<group>";
		};
		363EE62C1D40150200F4999F /* LaunchScreen.storyboard */ = {
			isa = PBXVariantGroup;
			children = (
				363EE62D1D40150200F4999F /* Base */,
			);
			name = LaunchScreen.storyboard;
			sourceTree = "<group>";
		};
/* End PBXVariantGroup section */

/* Begin XCBuildConfiguration section */
		363EE6301D40150200F4999F /* Debug */ = {
			isa = XCBuildConfiguration;
			buildSettings = {
				ALWAYS_SEARCH_USER_PATHS = NO;
				CLANG_ANALYZER_NONNULL = YES;
				CLANG_CXX_LANGUAGE_STANDARD = "gnu++0x";
				CLANG_CXX_LIBRARY = "libc++";
				CLANG_ENABLE_MODULES = YES;
				CLANG_ENABLE_OBJC_ARC = YES;
				CLANG_WARN_BOOL_CONVERSION = YES;
				CLANG_WARN_CONSTANT_CONVERSION = YES;
				CLANG_WARN_DIRECT_OBJC_ISA_USAGE = YES_ERROR;
				CLANG_WARN_EMPTY_BODY = YES;
				CLANG_WARN_ENUM_CONVERSION = YES;
				CLANG_WARN_INT_CONVERSION = YES;
				CLANG_WARN_OBJC_ROOT_CLASS = YES_ERROR;
				CLANG_WARN_UNREACHABLE_CODE = YES;
				CLANG_WARN__DUPLICATE_METHOD_MATCH = YES;
				"CODE_SIGN_IDENTITY[sdk=iphoneos*]" = "iPhone Developer";
				COPY_PHASE_STRIP = NO;
				DEBUG_INFORMATION_FORMAT = dwarf;
				ENABLE_STRICT_OBJC_MSGSEND = YES;
				ENABLE_TESTABILITY = YES;
				GCC_C_LANGUAGE_STANDARD = gnu99;
				GCC_DYNAMIC_NO_PIC = NO;
				GCC_NO_COMMON_BLOCKS = YES;
				GCC_OPTIMIZATION_LEVEL = 0;
				GCC_PREPROCESSOR_DEFINITIONS = (
					"DEBUG=1",
					"$(inherited)",
				);
				GCC_WARN_64_TO_32_BIT_CONVERSION = YES;
				GCC_WARN_ABOUT_RETURN_TYPE = YES_ERROR;
				GCC_WARN_UNDECLARED_SELECTOR = YES;
				GCC_WARN_UNINITIALIZED_AUTOS = YES_AGGRESSIVE;
				GCC_WARN_UNUSED_FUNCTION = YES;
				GCC_WARN_UNUSED_VARIABLE = YES;
				IPHONEOS_DEPLOYMENT_TARGET = 9.3;
				MTL_ENABLE_DEBUG_INFO = YES;
				ONLY_ACTIVE_ARCH = YES;
				SDKROOT = iphoneos;
				SWIFT_OPTIMIZATION_LEVEL = "-Onone";
			};
			name = Debug;
		};
		363EE6311D40150200F4999F /* Release */ = {
			isa = XCBuildConfiguration;
			buildSettings = {
				ALWAYS_SEARCH_USER_PATHS = NO;
				CLANG_ANALYZER_NONNULL = YES;
				CLANG_CXX_LANGUAGE_STANDARD = "gnu++0x";
				CLANG_CXX_LIBRARY = "libc++";
				CLANG_ENABLE_MODULES = YES;
				CLANG_ENABLE_OBJC_ARC = YES;
				CLANG_WARN_BOOL_CONVERSION = YES;
				CLANG_WARN_CONSTANT_CONVERSION = YES;
				CLANG_WARN_DIRECT_OBJC_ISA_USAGE = YES_ERROR;
				CLANG_WARN_EMPTY_BODY = YES;
				CLANG_WARN_ENUM_CONVERSION = YES;
				CLANG_WARN_INT_CONVERSION = YES;
				CLANG_WARN_OBJC_ROOT_CLASS = YES_ERROR;
				CLANG_WARN_UNREACHABLE_CODE = YES;
				CLANG_WARN__DUPLICATE_METHOD_MATCH = YES;
				"CODE_SIGN_IDENTITY[sdk=iphoneos*]" = "iPhone Developer";
				COPY_PHASE_STRIP = NO;
				DEBUG_INFORMATION_FORMAT = "dwarf-with-dsym";
				ENABLE_NS_ASSERTIONS = NO;
				ENABLE_STRICT_OBJC_MSGSEND = YES;
				GCC_C_LANGUAGE_STANDARD = gnu99;
				GCC_NO_COMMON_BLOCKS = YES;
				GCC_WARN_64_TO_32_BIT_CONVERSION = YES;
				GCC_WARN_ABOUT_RETURN_TYPE = YES_ERROR;
				GCC_WARN_UNDECLARED_SELECTOR = YES;
				GCC_WARN_UNINITIALIZED_AUTOS = YES_AGGRESSIVE;
				GCC_WARN_UNUSED_FUNCTION = YES;
				GCC_WARN_UNUSED_VARIABLE = YES;
				IPHONEOS_DEPLOYMENT_TARGET = 9.3;
				MTL_ENABLE_DEBUG_INFO = NO;
				SDKROOT = iphoneos;
				VALIDATE_PRODUCT = YES;
			};
			name = Release;
		};
		363EE6331D40150200F4999F /* Debug */ = {
			isa = XCBuildConfiguration;
			buildSettings = {
				ASSETCATALOG_COMPILER_APPICON_NAME = AppIcon;
				CLANG_ENABLE_MODULES = YES;
				CODE_SIGN_IDENTITY = "iPhone Developer";
				EMBEDDED_CONTENT_CONTAINS_SWIFT = YES;
				INFOPLIST_FILE = "Wildcat Mobile/Info.plist";
				IPHONEOS_DEPLOYMENT_TARGET = 8.0;
				LD_RUNPATH_SEARCH_PATHS = "$(inherited) @executable_path/Frameworks";
				PRODUCT_BUNDLE_IDENTIFIER = com.centrevillehs.wildcatmobile;
				PRODUCT_NAME = "$(TARGET_NAME)";
				SWIFT_OBJC_BRIDGING_HEADER = "Wildcat Mobile/Wildcat Mobile-Bridging-Header.h";
				"SWIFT_OBJC_BRIDGING_HEADER[arch=*]" = "";
				SWIFT_OPTIMIZATION_LEVEL = "-Onone";
				SWIFT_VERSION = 2.2;
			};
			name = Debug;
		};
		363EE6341D40150200F4999F /* Release */ = {
			isa = XCBuildConfiguration;
			buildSettings = {
				ASSETCATALOG_COMPILER_APPICON_NAME = AppIcon;
				CLANG_ENABLE_MODULES = YES;
				CODE_SIGN_IDENTITY = "iPhone Developer";
				EMBEDDED_CONTENT_CONTAINS_SWIFT = YES;
				INFOPLIST_FILE = "Wildcat Mobile/Info.plist";
				IPHONEOS_DEPLOYMENT_TARGET = 8.0;
				LD_RUNPATH_SEARCH_PATHS = "$(inherited) @executable_path/Frameworks";
				PRODUCT_BUNDLE_IDENTIFIER = com.centrevillehs.wildcatmobile;
				PRODUCT_NAME = "$(TARGET_NAME)";
				SWIFT_OBJC_BRIDGING_HEADER = "Wildcat Mobile/Wildcat Mobile-Bridging-Header.h";
				SWIFT_OPTIMIZATION_LEVEL = "-Owholemodule";
				SWIFT_VERSION = 2.2;
			};
			name = Release;
		};
/* End XCBuildConfiguration section */

/* Begin XCConfigurationList section */
		363EE6191D40150100F4999F /* Build configuration list for PBXProject "Wildcat Mobile" */ = {
			isa = XCConfigurationList;
			buildConfigurations = (
				363EE6301D40150200F4999F /* Debug */,
				363EE6311D40150200F4999F /* Release */,
			);
			defaultConfigurationIsVisible = 0;
			defaultConfigurationName = Release;
		};
		363EE6321D40150200F4999F /* Build configuration list for PBXNativeTarget "Wildcat Mobile" */ = {
			isa = XCConfigurationList;
			buildConfigurations = (
				363EE6331D40150200F4999F /* Debug */,
				363EE6341D40150200F4999F /* Release */,
			);
			defaultConfigurationIsVisible = 0;
			defaultConfigurationName = Release;
		};
/* End XCConfigurationList section */
	};
	rootObject = 363EE6161D40150100F4999F /* Project object */;
}
